
Microsoft Visual Studio Solution File, Format Version 12.00
# Visual Studio 15
VisualStudioVersion = 15.0.27428.2043
MinimumVisualStudioVersion = 10.0.40219.1
Project("{FAE04EC0-301F-11D3-BF4B-00C04F79EFBC}") = "StudentDailyReport", "StudentDailyReport\StudentDailyReport.csproj", "{F497AA8F-0237-42BD-A01C-5FDF8B6C5DF0}"
EndProject
Global
	GlobalSection(SolutionConfigurationPlatforms) = preSolution
		Debug|Any CPU = Debug|Any CPU
		Release|Any CPU = Release|Any CPU
	EndGlobalSection
	GlobalSection(ProjectConfigurationPlatforms) = postSolution
		{F497AA8F-0237-42BD-A01C-5FDF8B6C5DF0}.Debug|Any CPU.ActiveCfg = Debug|Any CPU
		{F497AA8F-0237-42BD-A01C-5FDF8B6C5DF0}.Debug|Any CPU.Build.0 = Debug|Any CPU
		{F497AA8F-0237-42BD-A01C-5FDF8B6C5DF0}.Release|Any CPU.ActiveCfg = Release|Any CPU
		{F497AA8F-0237-42BD-A01C-5FDF8B6C5DF0}.Release|Any CPU.Build.0 = Release|Any CPU
	EndGlobalSection
	GlobalSection(SolutionProperties) = preSolution
		HideSolutionNode = FALSE
	EndGlobalSection
	GlobalSection(ExtensibilityGlobals) = postSolution
		SolutionGuid = {D7ED70A6-71C9-47C9-9657-E6B22B60BDF8}
	EndGlobalSection
EndGlobal
